# This file was autogenerated by Stack.
# You should not edit this file by hand.
# For more information, please see the documentation at:
#   https://docs.haskellstack.org/en/stable/lock_files

packages:
- completed:
    hackage: hspec-golden-0.1.0.1@sha256:1cd56f091adea7a2cb0fcf97abcbb9ece76ee12f9bd7313cf53b8ac9ac593115,1806
    pantry-tree:
      size: 495
      sha256: c9ae49cb8c84a720b41540080d768f3eddc1e4fda0548e8934917590f8ee35a0
  original:
    hackage: hspec-golden-0.1.0.1
snapshots:
- completed:
    size: 545658
    url: https://raw.githubusercontent.com/commercialhaskell/stackage-snapshots/master/lts/14/12.yaml
    sha256: 26b807457213126d26b595439d705dc824dbb7618b0de6b900adc2bf6a059406
  original: lts-14.12
